// !$*UTF8*$!
{
	archiveVersion = 1;
	classes = {
	};
	objectVersion = 56;
	objects = {

/* Begin PBXBuildFile section */
        200000000000000000000040 = {isa = PBXBuildFile; fileRef = 300000000000000000000040; };
        20000000000000000000003E = {isa = PBXBuildFile; fileRef = 30000000000000000000003E; };
        20000000000000000000003F = {isa = PBXBuildFile; fileRef = 30000000000000000000003F; };
        20000000000000000000003C = {isa = PBXBuildFile; fileRef = 30000000000000000000003C; };
        20000000000000000000003D = {isa = PBXBuildFile; fileRef = 30000000000000000000003D; };
        200000000000000000000038 = {isa = PBXBuildFile; fileRef = 300000000000000000000038; };
        200000000000000000000039 = {isa = PBXBuildFile; fileRef = 300000000000000000000039; };
        20000000000000000000003A = {isa = PBXBuildFile; fileRef = 30000000000000000000003A; };
        20000000000000000000003B = {isa = PBXBuildFile; fileRef = 30000000000000000000003B; };
        200000000000000000000036 /* HomeroomRepository.swift in Sources */ = {isa = PBXBuildFile; fileRef = 300000000000000000000036; };
        200000000000000000000037 /* HomeroomViewController.swift in Sources */ = {isa = PBXBuildFile; fileRef = 300000000000000000000037; };
		200000000000000000000001 /* AppDelegate.swift in Sources */ = {isa = PBXBuildFile; fileRef = 300000000000000000000001 /* AppDelegate.swift */; };
		200000000000000000000002 /* SceneDelegate.swift in Sources */ = {isa = PBXBuildFile; fileRef = 300000000000000000000002 /* SceneDelegate.swift */; };
		200000000000000000000003 /* RootTabBarController.swift in Sources */ = {isa = PBXBuildFile; fileRef = 300000000000000000000003 /* RootTabBarController.swift */; };
		200000000000000000000006 /* AuthModels.swift in Sources */ = {isa = PBXBuildFile; fileRef = 300000000000000000000006 /* AuthModels.swift */; };
		200000000000000000000007 /* CredentialStore.swift in Sources */ = {isa = PBXBuildFile; fileRef = 300000000000000000000007 /* CredentialStore.swift */; };
		200000000000000000000008 /* TokenStore.swift in Sources */ = {isa = PBXBuildFile; fileRef = 300000000000000000000008 /* TokenStore.swift */; };
		200000000000000000000009 /* ConvexConfig.swift in Sources */ = {isa = PBXBuildFile; fileRef = 300000000000000000000009 /* ConvexConfig.swift */; };
		20000000000000000000000A /* ConvexHttpClient.swift in Sources */ = {isa = PBXBuildFile; fileRef = 30000000000000000000000A /* ConvexHttpClient.swift */; };
		20000000000000000000000B /* AuthRepository.swift in Sources */ = {isa = PBXBuildFile; fileRef = 30000000000000000000000B /* AuthRepository.swift */; };
		20000000000000000000000C /* AppContainer.swift in Sources */ = {isa = PBXBuildFile; fileRef = 30000000000000000000000C /* AppContainer.swift */; };
		20000000000000000000000D /* LoginViewController.swift in Sources */ = {isa = PBXBuildFile; fileRef = 30000000000000000000000D /* LoginViewController.swift */; };
		20000000000000000000000E /* ChangePasswordViewController.swift in Sources */ = {isa = PBXBuildFile; fileRef = 30000000000000000000000E /* ChangePasswordViewController.swift */; };
		20000000000000000000000F /* AuthFlowCoordinator.swift in Sources */ = {isa = PBXBuildFile; fileRef = 30000000000000000000000F /* AuthFlowCoordinator.swift */; };
		200000000000000000000010 /* SessionsRepository.swift in Sources */ = {isa = PBXBuildFile; fileRef = 300000000000000000000010 /* SessionsRepository.swift */; };
		200000000000000000000011 /* ProfileViewController.swift in Sources */ = {isa = PBXBuildFile; fileRef = 300000000000000000000011 /* ProfileViewController.swift */; };
		200000000000000000000012 /* DevicesViewController.swift in Sources */ = {isa = PBXBuildFile; fileRef = 300000000000000000000012 /* DevicesViewController.swift */; };
		200000000000000000000013 /* NotificationModels.swift in Sources */ = {isa = PBXBuildFile; fileRef = 300000000000000000000013 /* NotificationModels.swift */; };
		200000000000000000000014 /* NotificationsRepository.swift in Sources */ = {isa = PBXBuildFile; fileRef = 300000000000000000000014 /* NotificationsRepository.swift */; };
		200000000000000000000015 /* NotificationsViewModel.swift in Sources */ = {isa = PBXBuildFile; fileRef = 300000000000000000000015 /* NotificationsViewModel.swift */; };
		200000000000000000000016 /* NotificationsViewController.swift in Sources */ = {isa = PBXBuildFile; fileRef = 300000000000000000000016 /* NotificationsViewController.swift */; };
		200000000000000000000017 /* DutiesRepository.swift in Sources */ = {isa = PBXBuildFile; fileRef = 300000000000000000000017 /* DutiesRepository.swift */; };
		200000000000000000000018 /* DutiesViewModel.swift in Sources */ = {isa = PBXBuildFile; fileRef = 300000000000000000000018 /* DutiesViewModel.swift */; };
		200000000000000000000019 /* DutiesViewController.swift in Sources */ = {isa = PBXBuildFile; fileRef = 300000000000000000000019 /* DutiesViewController.swift */; };
		20000000000000000000001A /* WorkRepository.swift in Sources */ = {isa = PBXBuildFile; fileRef = 30000000000000000000001A /* WorkRepository.swift */; };
		20000000000000000000001B /* WorkViewModel.swift in Sources */ = {isa = PBXBuildFile; fileRef = 30000000000000000000001B /* WorkViewModel.swift */; };
		20000000000000000000001C /* WorkViewController.swift in Sources */ = {isa = PBXBuildFile; fileRef = 30000000000000000000001C /* WorkViewController.swift */; };
		20000000000000000000001D /* APNsTokenRegistrar.swift in Sources */ = {isa = PBXBuildFile; fileRef = 30000000000000000000001D /* APNsTokenRegistrar.swift */; };
		20000000000000000000001E /* NotificationCenterService.swift in Sources */ = {isa = PBXBuildFile; fileRef = 30000000000000000000001E /* NotificationCenterService.swift */; };
		20000000000000000000001F /* NotificationSyncService.swift in Sources */ = {isa = PBXBuildFile; fileRef = 30000000000000000000001F /* NotificationSyncService.swift */; };
		200000000000000000000020 /* PushEvents.swift in Sources */ = {isa = PBXBuildFile; fileRef = 300000000000000000000020 /* PushEvents.swift */; };
		200000000000000000000021 /* Assets.xcassets in Resources */ = {isa = PBXBuildFile; fileRef = 300000000000000000000021 /* Assets.xcassets */; };
		200000000000000000000022 /* ListSearch.swift in Sources */ = {isa = PBXBuildFile; fileRef = 300000000000000000000022 /* ListSearch.swift */; };
		200000000000000000000025 /* AppChangelog.swift in Sources */ = {isa = PBXBuildFile; fileRef = 300000000000000000000025 /* AppChangelog.swift */; };
		200000000000000000000026 /* ChangelogViewController.swift in Sources */ = {isa = PBXBuildFile; fileRef = 300000000000000000000026 /* ChangelogViewController.swift */; };
		200000000000000000000027 /* WorkCreate.swift in Sources */ = {isa = PBXBuildFile; fileRef = 300000000000000000000027 /* WorkCreate.swift */; };
		200000000000000000000028 /* WorkCreateViewController.swift in Sources */ = {isa = PBXBuildFile; fileRef = 300000000000000000000028 /* WorkCreateViewController.swift */; };
		200000000000000000000029 /* DutyScheduleRange.swift in Sources */ = {isa = PBXBuildFile; fileRef = 300000000000000000000029 /* DutyScheduleRange.swift */; };
		20000000000000000000002A /* DutiesHubViewController.swift in Sources */ = {isa = PBXBuildFile; fileRef = 30000000000000000000002A /* DutiesHubViewController.swift */; };
		20000000000000000000002B /* SharedDutyScheduleViewController.swift in Sources */ = {isa = PBXBuildFile; fileRef = 30000000000000000000002B /* SharedDutyScheduleViewController.swift */; };
		20000000000000000000002C /* AppStoreUpdater.swift in Sources */ = {isa = PBXBuildFile; fileRef = 30000000000000000000002C /* AppStoreUpdater.swift */; };
		20000000000000000000002D /* AccountHeaderCluster.swift in Sources */ = {isa = PBXBuildFile; fileRef = 30000000000000000000002D /* AccountHeaderCluster.swift */; };
		20000000000000000000002E /* AvatarRepository.swift in Sources */ = {isa = PBXBuildFile; fileRef = 30000000000000000000002E /* AvatarRepository.swift */; };
		20000000000000000000002F /* AvatarCrop.swift in Sources */ = {isa = PBXBuildFile; fileRef = 30000000000000000000002F /* AvatarCrop.swift */; };
		200000000000000000000030 /* AvatarCropViewController.swift in Sources */ = {isa = PBXBuildFile; fileRef = 300000000000000000000030 /* AvatarCropViewController.swift */; };
		200000000000000000000031 /* ChatFormatting.swift in Sources */ = {isa = PBXBuildFile; fileRef = 300000000000000000000031 /* ChatFormatting.swift */; };
		200000000000000000000032 /* ChatRepository.swift in Sources */ = {isa = PBXBuildFile; fileRef = 300000000000000000000032 /* ChatRepository.swift */; };
		200000000000000000000033 /* ChatViewController.swift in Sources */ = {isa = PBXBuildFile; fileRef = 300000000000000000000033 /* ChatViewController.swift */; };
		200000000000000000000034 /* ChatHubViewController.swift in Sources */ = {isa = PBXBuildFile; fileRef = 300000000000000000000034 /* ChatHubViewController.swift */; };
		200000000000000000000035 /* ChatGroupViewController.swift in Sources */ = {isa = PBXBuildFile; fileRef = 300000000000000000000035 /* ChatGroupViewController.swift */; };
/* End PBXBuildFile section */

/* Begin PBXFileReference section */
        300000000000000000000040 = {isa = PBXFileReference; lastKnownFileType = sourcecode.swift; path = HomeroomPendingJournal.swift; sourceTree = "<group>"; };
        30000000000000000000003E = {isa = PBXFileReference; lastKnownFileType = sourcecode.swift; path = HomeroomManagement.swift; sourceTree = "<group>"; };
        30000000000000000000003F = {isa = PBXFileReference; lastKnownFileType = sourcecode.swift; path = HomeroomManagementViewController.swift; sourceTree = "<group>"; };
        30000000000000000000003C = {isa = PBXFileReference; lastKnownFileType = sourcecode.swift; path = HomeroomCameraImport.swift; sourceTree = "<group>"; };
        30000000000000000000003D = {isa = PBXFileReference; lastKnownFileType = sourcecode.swift; path = HomeroomCameraImportViewController.swift; sourceTree = "<group>"; };
        300000000000000000000038 = {isa = PBXFileReference; lastKnownFileType = sourcecode.swift; path = HomeroomDetail.swift; sourceTree = "<group>"; };
        300000000000000000000039 = {isa = PBXFileReference; lastKnownFileType = sourcecode.swift; path = HomeroomDetailViewController.swift; sourceTree = "<group>"; };
        30000000000000000000003A = {isa = PBXFileReference; lastKnownFileType = sourcecode.swift; path = HomeroomWrites.swift; sourceTree = "<group>"; };
        30000000000000000000003B = {isa = PBXFileReference; lastKnownFileType = sourcecode.swift; path = HomeroomWriteFormViewController.swift; sourceTree = "<group>"; };
        300000000000000000000036 /* HomeroomRepository.swift */ = {isa = PBXFileReference; lastKnownFileType = sourcecode.swift; path = HomeroomRepository.swift; sourceTree = "<group>"; };
        300000000000000000000037 /* HomeroomViewController.swift */ = {isa = PBXFileReference; lastKnownFileType = sourcecode.swift; path = HomeroomViewController.swift; sourceTree = "<group>"; };
		300000000000000000000001 /* AppDelegate.swift */ = {isa = PBXFileReference; lastKnownFileType = sourcecode.swift; path = AppDelegate.swift; sourceTree = "<group>"; };
		300000000000000000000002 /* SceneDelegate.swift */ = {isa = PBXFileReference; lastKnownFileType = sourcecode.swift; path = SceneDelegate.swift; sourceTree = "<group>"; };
		300000000000000000000003 /* RootTabBarController.swift */ = {isa = PBXFileReference; lastKnownFileType = sourcecode.swift; path = RootTabBarController.swift; sourceTree = "<group>"; };
		300000000000000000000004 /* Info.plist */ = {isa = PBXFileReference; lastKnownFileType = text.plist.xml; path = Info.plist; sourceTree = "<group>"; };
		300000000000000000000005 /* LvtCrmUIKit.app */ = {isa = PBXFileReference; explicitFileType = wrapper.application; includeInIndex = 0; path = LvtCrmUIKit.app; sourceTree = BUILT_PRODUCTS_DIR; };
		300000000000000000000006 /* AuthModels.swift */ = {isa = PBXFileReference; lastKnownFileType = sourcecode.swift; path = AuthModels.swift; sourceTree = "<group>"; };
		300000000000000000000007 /* CredentialStore.swift */ = {isa = PBXFileReference; lastKnownFileType = sourcecode.swift; path = CredentialStore.swift; sourceTree = "<group>"; };
		300000000000000000000008 /* TokenStore.swift */ = {isa = PBXFileReference; lastKnownFileType = sourcecode.swift; path = TokenStore.swift; sourceTree = "<group>"; };
		300000000000000000000009 /* ConvexConfig.swift */ = {isa = PBXFileReference; lastKnownFileType = sourcecode.swift; path = ConvexConfig.swift; sourceTree = "<group>"; };
		30000000000000000000000A /* ConvexHttpClient.swift */ = {isa = PBXFileReference; lastKnownFileType = sourcecode.swift; path = ConvexHttpClient.swift; sourceTree = "<group>"; };
		30000000000000000000000B /* AuthRepository.swift */ = {isa = PBXFileReference; lastKnownFileType = sourcecode.swift; path = AuthRepository.swift; sourceTree = "<group>"; };
		30000000000000000000000C /* AppContainer.swift */ = {isa = PBXFileReference; lastKnownFileType = sourcecode.swift; path = AppContainer.swift; sourceTree = "<group>"; };
		30000000000000000000000D /* LoginViewController.swift */ = {isa = PBXFileReference; lastKnownFileType = sourcecode.swift; path = LoginViewController.swift; sourceTree = "<group>"; };
		30000000000000000000000E /* ChangePasswordViewController.swift */ = {isa = PBXFileReference; lastKnownFileType = sourcecode.swift; path = ChangePasswordViewController.swift; sourceTree = "<group>"; };
		30000000000000000000000F /* AuthFlowCoordinator.swift */ = {isa = PBXFileReference; lastKnownFileType = sourcecode.swift; path = AuthFlowCoordinator.swift; sourceTree = "<group>"; };
		300000000000000000000010 /* SessionsRepository.swift */ = {isa = PBXFileReference; lastKnownFileType = sourcecode.swift; path = SessionsRepository.swift; sourceTree = "<group>"; };
		300000000000000000000011 /* ProfileViewController.swift */ = {isa = PBXFileReference; lastKnownFileType = sourcecode.swift; path = ProfileViewController.swift; sourceTree = "<group>"; };
		300000000000000000000012 /* DevicesViewController.swift */ = {isa = PBXFileReference; lastKnownFileType = sourcecode.swift; path = DevicesViewController.swift; sourceTree = "<group>"; };
		300000000000000000000013 /* NotificationModels.swift */ = {isa = PBXFileReference; lastKnownFileType = sourcecode.swift; path = NotificationModels.swift; sourceTree = "<group>"; };
		300000000000000000000014 /* NotificationsRepository.swift */ = {isa = PBXFileReference; lastKnownFileType = sourcecode.swift; path = NotificationsRepository.swift; sourceTree = "<group>"; };
		300000000000000000000015 /* NotificationsViewModel.swift */ = {isa = PBXFileReference; lastKnownFileType = sourcecode.swift; path = NotificationsViewModel.swift; sourceTree = "<group>"; };
		300000000000000000000016 /* NotificationsViewController.swift */ = {isa = PBXFileReference; lastKnownFileType = sourcecode.swift; path = NotificationsViewController.swift; sourceTree = "<group>"; };
		300000000000000000000017 /* DutiesRepository.swift */ = {isa = PBXFileReference; lastKnownFileType = sourcecode.swift; path = DutiesRepository.swift; sourceTree = "<group>"; };
		300000000000000000000018 /* DutiesViewModel.swift */ = {isa = PBXFileReference; lastKnownFileType = sourcecode.swift; path = DutiesViewModel.swift; sourceTree = "<group>"; };
		300000000000000000000019 /* DutiesViewController.swift */ = {isa = PBXFileReference; lastKnownFileType = sourcecode.swift; path = DutiesViewController.swift; sourceTree = "<group>"; };
		30000000000000000000001A /* WorkRepository.swift */ = {isa = PBXFileReference; lastKnownFileType = sourcecode.swift; path = WorkRepository.swift; sourceTree = "<group>"; };
		30000000000000000000001B /* WorkViewModel.swift */ = {isa = PBXFileReference; lastKnownFileType = sourcecode.swift; path = WorkViewModel.swift; sourceTree = "<group>"; };
		30000000000000000000001C /* WorkViewController.swift */ = {isa = PBXFileReference; lastKnownFileType = sourcecode.swift; path = WorkViewController.swift; sourceTree = "<group>"; };
		30000000000000000000001D /* APNsTokenRegistrar.swift */ = {isa = PBXFileReference; lastKnownFileType = sourcecode.swift; path = APNsTokenRegistrar.swift; sourceTree = "<group>"; };
		30000000000000000000001E /* NotificationCenterService.swift */ = {isa = PBXFileReference; lastKnownFileType = sourcecode.swift; path = NotificationCenterService.swift; sourceTree = "<group>"; };
		30000000000000000000001F /* NotificationSyncService.swift */ = {isa = PBXFileReference; lastKnownFileType = sourcecode.swift; path = NotificationSyncService.swift; sourceTree = "<group>"; };
		300000000000000000000020 /* PushEvents.swift */ = {isa = PBXFileReference; lastKnownFileType = sourcecode.swift; path = PushEvents.swift; sourceTree = "<group>"; };
		300000000000000000000021 /* Assets.xcassets */ = {isa = PBXFileReference; lastKnownFileType = folder.assetcatalog; path = Assets.xcassets; sourceTree = "<group>"; };
		300000000000000000000022 /* ListSearch.swift */ = {isa = PBXFileReference; lastKnownFileType = sourcecode.swift; path = ListSearch.swift; sourceTree = "<group>"; };
		300000000000000000000023 /* LvtCrmUIKit.entitlements */ = {isa = PBXFileReference; lastKnownFileType = text.plist.entitlements; path = LvtCrmUIKit.entitlements; sourceTree = "<group>"; };
		300000000000000000000024 /* LvtCrmUIKitRelease.entitlements */ = {isa = PBXFileReference; lastKnownFileType = text.plist.entitlements; path = LvtCrmUIKitRelease.entitlements; sourceTree = "<group>"; };
		300000000000000000000025 /* AppChangelog.swift */ = {isa = PBXFileReference; lastKnownFileType = sourcecode.swift; path = AppChangelog.swift; sourceTree = "<group>"; };
		300000000000000000000026 /* ChangelogViewController.swift */ = {isa = PBXFileReference; lastKnownFileType = sourcecode.swift; path = ChangelogViewController.swift; sourceTree = "<group>"; };
		300000000000000000000027 /* WorkCreate.swift */ = {isa = PBXFileReference; lastKnownFileType = sourcecode.swift; path = WorkCreate.swift; sourceTree = "<group>"; };
		300000000000000000000028 /* WorkCreateViewController.swift */ = {isa = PBXFileReference; lastKnownFileType = sourcecode.swift; path = WorkCreateViewController.swift; sourceTree = "<group>"; };
		300000000000000000000029 /* DutyScheduleRange.swift */ = {isa = PBXFileReference; lastKnownFileType = sourcecode.swift; path = DutyScheduleRange.swift; sourceTree = "<group>"; };
		30000000000000000000002A /* DutiesHubViewController.swift */ = {isa = PBXFileReference; lastKnownFileType = sourcecode.swift; path = DutiesHubViewController.swift; sourceTree = "<group>"; };
		30000000000000000000002B /* SharedDutyScheduleViewController.swift */ = {isa = PBXFileReference; lastKnownFileType = sourcecode.swift; path = SharedDutyScheduleViewController.swift; sourceTree = "<group>"; };
		30000000000000000000002C /* AppStoreUpdater.swift */ = {isa = PBXFileReference; lastKnownFileType = sourcecode.swift; path = AppStoreUpdater.swift; sourceTree = "<group>"; };
		30000000000000000000002D /* AccountHeaderCluster.swift */ = {isa = PBXFileReference; lastKnownFileType = sourcecode.swift; path = AccountHeaderCluster.swift; sourceTree = "<group>"; };
		30000000000000000000002E /* AvatarRepository.swift */ = {isa = PBXFileReference; lastKnownFileType = sourcecode.swift; path = AvatarRepository.swift; sourceTree = "<group>"; };
		30000000000000000000002F /* AvatarCrop.swift */ = {isa = PBXFileReference; lastKnownFileType = sourcecode.swift; path = AvatarCrop.swift; sourceTree = "<group>"; };
		300000000000000000000030 /* AvatarCropViewController.swift */ = {isa = PBXFileReference; lastKnownFileType = sourcecode.swift; path = AvatarCropViewController.swift; sourceTree = "<group>"; };
		300000000000000000000031 /* ChatFormatting.swift */ = {isa = PBXFileReference; lastKnownFileType = sourcecode.swift; path = ChatFormatting.swift; sourceTree = "<group>"; };
		300000000000000000000032 /* ChatRepository.swift */ = {isa = PBXFileReference; lastKnownFileType = sourcecode.swift; path = ChatRepository.swift; sourceTree = "<group>"; };
		300000000000000000000033 /* ChatViewController.swift */ = {isa = PBXFileReference; lastKnownFileType = sourcecode.swift; path = ChatViewController.swift; sourceTree = "<group>"; };
		300000000000000000000034 /* ChatHubViewController.swift */ = {isa = PBXFileReference; lastKnownFileType = sourcecode.swift; path = ChatHubViewController.swift; sourceTree = "<group>"; };
		300000000000000000000035 /* ChatGroupViewController.swift */ = {isa = PBXFileReference; lastKnownFileType = sourcecode.swift; path = ChatGroupViewController.swift; sourceTree = "<group>"; };
/* End PBXFileReference section */

/* Begin PBXFrameworksBuildPhase section */
		400000000000000000000001 /* Frameworks */ = {
			isa = PBXFrameworksBuildPhase;
			buildActionMask = 2147483647;
			files = (
			);
			runOnlyForDeploymentPostprocessing = 0;
		};
/* End PBXFrameworksBuildPhase section */

/* Begin PBXGroup section */
		500000000000000000000001 = {
			isa = PBXGroup;
			children = (
				500000000000000000000002 /* LvtCrmUIKit */,
				500000000000000000000003 /* Products */,
			);
			sourceTree = "<group>";
		};
		500000000000000000000002 /* LvtCrmUIKit */ = {
			isa = PBXGroup;
			children = (
                300000000000000000000036 /* HomeroomRepository.swift */,
                300000000000000000000040,
                300000000000000000000038,
                300000000000000000000039,
                30000000000000000000003A,
                30000000000000000000003B,
                30000000000000000000003C,
                30000000000000000000003E,
                30000000000000000000003F,
                30000000000000000000003D,
                300000000000000000000037 /* HomeroomViewController.swift */,
				300000000000000000000001 /* AppDelegate.swift */,
				300000000000000000000002 /* SceneDelegate.swift */,
				30000000000000000000000C /* AppContainer.swift */,
				30000000000000000000000F /* AuthFlowCoordinator.swift */,
				300000000000000000000003 /* RootTabBarController.swift */,
				30000000000000000000002D /* AccountHeaderCluster.swift */,
				30000000000000000000002E /* AvatarRepository.swift */,
				30000000000000000000002F /* AvatarCrop.swift */,
				300000000000000000000030 /* AvatarCropViewController.swift */,
				30000000000000000000000D /* LoginViewController.swift */,
				30000000000000000000000E /* ChangePasswordViewController.swift */,
				300000000000000000000011 /* ProfileViewController.swift */,
				300000000000000000000012 /* DevicesViewController.swift */,
				300000000000000000000025 /* AppChangelog.swift */,
				30000000000000000000002C /* AppStoreUpdater.swift */,
				300000000000000000000026 /* ChangelogViewController.swift */,
				300000000000000000000016 /* NotificationsViewController.swift */,
				300000000000000000000015 /* NotificationsViewModel.swift */,
				300000000000000000000014 /* NotificationsRepository.swift */,
				300000000000000000000013 /* NotificationModels.swift */,
				30000000000000000000001D /* APNsTokenRegistrar.swift */,
				30000000000000000000001E /* NotificationCenterService.swift */,
				30000000000000000000001F /* NotificationSyncService.swift */,
				300000000000000000000020 /* PushEvents.swift */,
				300000000000000000000031 /* ChatFormatting.swift */,
				300000000000000000000032 /* ChatRepository.swift */,
				300000000000000000000033 /* ChatViewController.swift */,
				300000000000000000000034 /* ChatHubViewController.swift */,
				300000000000000000000035 /* ChatGroupViewController.swift */,
				300000000000000000000019 /* DutiesViewController.swift */,
				30000000000000000000002A /* DutiesHubViewController.swift */,
				30000000000000000000002B /* SharedDutyScheduleViewController.swift */,
				300000000000000000000029 /* DutyScheduleRange.swift */,
				300000000000000000000018 /* DutiesViewModel.swift */,
				300000000000000000000017 /* DutiesRepository.swift */,
				300000000000000000000022 /* ListSearch.swift */,
				30000000000000000000001C /* WorkViewController.swift */,
				300000000000000000000028 /* WorkCreateViewController.swift */,
				30000000000000000000001B /* WorkViewModel.swift */,
				30000000000000000000001A /* WorkRepository.swift */,
				300000000000000000000027 /* WorkCreate.swift */,
				300000000000000000000006 /* AuthModels.swift */,
				30000000000000000000000B /* AuthRepository.swift */,
				300000000000000000000010 /* SessionsRepository.swift */,
				300000000000000000000007 /* CredentialStore.swift */,
				300000000000000000000008 /* TokenStore.swift */,
				300000000000000000000009 /* ConvexConfig.swift */,
				30000000000000000000000A /* ConvexHttpClient.swift */,
				300000000000000000000021 /* Assets.xcassets */,
				300000000000000000000023 /* LvtCrmUIKit.entitlements */,
				300000000000000000000024 /* LvtCrmUIKitRelease.entitlements */,
				300000000000000000000004 /* Info.plist */,
			);
			path = LvtCrmUIKit;
			sourceTree = "<group>";
		};
		500000000000000000000003 /* Products */ = {
			isa = PBXGroup;
			children = (
				300000000000000000000005 /* LvtCrmUIKit.app */,
			);
			name = Products;
			sourceTree = "<group>";
		};
/* End PBXGroup section */

/* Begin PBXNativeTarget section */
		100000000000000000000001 /* LvtCrmUIKit */ = {
			isa = PBXNativeTarget;
			buildConfigurationList = 600000000000000000000002 /* Build configuration list for PBXNativeTarget "LvtCrmUIKit" */;
			buildPhases = (
				400000000000000000000002 /* Sources */,
				400000000000000000000001 /* Frameworks */,
				400000000000000000000003 /* Resources */,
			);
			buildRules = (
			);
			dependencies = (
			);
			name = LvtCrmUIKit;
			productName = LvtCrmUIKit;
			productReference = 300000000000000000000005 /* LvtCrmUIKit.app */;
			productType = "com.apple.product-type.application";
		};
/* End PBXNativeTarget section */

/* Begin PBXProject section */
		100000000000000000000002 /* Project object */ = {
			isa = PBXProject;
			attributes = {
				BuildIndependentTargetsInParallel = 1;
				LastSwiftUpdateCheck = 2660;
				LastUpgradeCheck = 2660;
			};
			buildConfigurationList = 600000000000000000000001 /* Build configuration list for PBXProject "LvtCrmUIKit" */;
			compatibilityVersion = "Xcode 14.0";
			developmentRegion = vi;
			hasScannedForEncodings = 0;
			knownRegions = (
				en,
				vi,
				Base,
			);
			mainGroup = 500000000000000000000001;
			productRefGroup = 500000000000000000000003 /* Products */;
			projectDirPath = "";
			projectRoot = "";
			targets = (
				100000000000000000000001 /* LvtCrmUIKit */,
			);
		};
/* End PBXProject section */

/* Begin PBXResourcesBuildPhase section */
		400000000000000000000003 /* Resources */ = {
			isa = PBXResourcesBuildPhase;
			buildActionMask = 2147483647;
			files = (
				200000000000000000000021 /* Assets.xcassets in Resources */,
			);
			runOnlyForDeploymentPostprocessing = 0;
		};
/* End PBXResourcesBuildPhase section */

/* Begin PBXSourcesBuildPhase section */
		400000000000000000000002 /* Sources */ = {
			isa = PBXSourcesBuildPhase;
			buildActionMask = 2147483647;
			files = (
                200000000000000000000036 /* HomeroomRepository.swift in Sources */,
                200000000000000000000040,
                200000000000000000000038,
                200000000000000000000039,
                20000000000000000000003A,
                20000000000000000000003B,
                20000000000000000000003C,
                20000000000000000000003E,
                20000000000000000000003F,
                20000000000000000000003D,
                200000000000000000000037 /* HomeroomViewController.swift in Sources */,
				200000000000000000000001 /* AppDelegate.swift in Sources */,
				200000000000000000000002 /* SceneDelegate.swift in Sources */,
				200000000000000000000003 /* RootTabBarController.swift in Sources */,
				20000000000000000000002D /* AccountHeaderCluster.swift in Sources */,
				20000000000000000000002E /* AvatarRepository.swift in Sources */,
				20000000000000000000002F /* AvatarCrop.swift in Sources */,
				200000000000000000000030 /* AvatarCropViewController.swift in Sources */,
				200000000000000000000006 /* AuthModels.swift in Sources */,
				200000000000000000000007 /* CredentialStore.swift in Sources */,
				200000000000000000000008 /* TokenStore.swift in Sources */,
				200000000000000000000009 /* ConvexConfig.swift in Sources */,
				20000000000000000000000A /* ConvexHttpClient.swift in Sources */,
				20000000000000000000000B /* AuthRepository.swift in Sources */,
				20000000000000000000000C /* AppContainer.swift in Sources */,
				20000000000000000000000D /* LoginViewController.swift in Sources */,
				20000000000000000000000E /* ChangePasswordViewController.swift in Sources */,
				20000000000000000000000F /* AuthFlowCoordinator.swift in Sources */,
				200000000000000000000010 /* SessionsRepository.swift in Sources */,
				200000000000000000000011 /* ProfileViewController.swift in Sources */,
				200000000000000000000012 /* DevicesViewController.swift in Sources */,
				200000000000000000000025 /* AppChangelog.swift in Sources */,
				20000000000000000000002C /* AppStoreUpdater.swift in Sources */,
				200000000000000000000026 /* ChangelogViewController.swift in Sources */,
				200000000000000000000013 /* NotificationModels.swift in Sources */,
				200000000000000000000014 /* NotificationsRepository.swift in Sources */,
				200000000000000000000015 /* NotificationsViewModel.swift in Sources */,
				200000000000000000000016 /* NotificationsViewController.swift in Sources */,
				200000000000000000000017 /* DutiesRepository.swift in Sources */,
				200000000000000000000018 /* DutiesViewModel.swift in Sources */,
				200000000000000000000031 /* ChatFormatting.swift in Sources */,
				200000000000000000000032 /* ChatRepository.swift in Sources */,
				200000000000000000000033 /* ChatViewController.swift in Sources */,
				200000000000000000000034 /* ChatHubViewController.swift in Sources */,
				200000000000000000000035 /* ChatGroupViewController.swift in Sources */,
				200000000000000000000019 /* DutiesViewController.swift in Sources */,
				20000000000000000000002A /* DutiesHubViewController.swift in Sources */,
				20000000000000000000002B /* SharedDutyScheduleViewController.swift in Sources */,
				200000000000000000000029 /* DutyScheduleRange.swift in Sources */,
				20000000000000000000001A /* WorkRepository.swift in Sources */,
				20000000000000000000001B /* WorkViewModel.swift in Sources */,
				20000000000000000000001C /* WorkViewController.swift in Sources */,
				200000000000000000000027 /* WorkCreate.swift in Sources */,
				200000000000000000000028 /* WorkCreateViewController.swift in Sources */,
				20000000000000000000001D /* APNsTokenRegistrar.swift in Sources */,
				20000000000000000000001E /* NotificationCenterService.swift in Sources */,
				20000000000000000000001F /* NotificationSyncService.swift in Sources */,
				200000000000000000000020 /* PushEvents.swift in Sources */,
				200000000000000000000022 /* ListSearch.swift in Sources */,
			);
			runOnlyForDeploymentPostprocessing = 0;
		};
/* End PBXSourcesBuildPhase section */

/* Begin XCBuildConfiguration section */
		700000000000000000000001 /* Debug */ = {
			isa = XCBuildConfiguration;
			buildSettings = {
				ALWAYS_SEARCH_USER_PATHS = NO;
				CLANG_ENABLE_MODULES = YES;
				CLANG_ENABLE_OBJC_ARC = YES;
				COPY_PHASE_STRIP = NO;
				DEBUG_INFORMATION_FORMAT = dwarf;
				GCC_DYNAMIC_NO_PIC = NO;
				GCC_OPTIMIZATION_LEVEL = 0;
				GCC_PREPROCESSOR_DEFINITIONS = (
					"DEBUG=1",
					"$(inherited)",
				);
				IPHONEOS_DEPLOYMENT_TARGET = 26.0;
				MTL_ENABLE_DEBUG_INFO = INCLUDE_SOURCE;
				ONLY_ACTIVE_ARCH = YES;
				SDKROOT = iphoneos;
				SWIFT_ACTIVE_COMPILATION_CONDITIONS = DEBUG;
				SWIFT_OPTIMIZATION_LEVEL = "-Onone";
			};
			name = Debug;
		};
		700000000000000000000002 /* Release */ = {
			isa = XCBuildConfiguration;
			buildSettings = {
				ALWAYS_SEARCH_USER_PATHS = NO;
				CLANG_ENABLE_MODULES = YES;
				CLANG_ENABLE_OBJC_ARC = YES;
				COPY_PHASE_STRIP = NO;
				DEBUG_INFORMATION_FORMAT = "dwarf-with-dsym";
				IPHONEOS_DEPLOYMENT_TARGET = 26.0;
				SDKROOT = iphoneos;
				SWIFT_COMPILATION_MODE = wholemodule;
			};
			name = Release;
		};
		700000000000000000000003 /* Debug */ = {
			isa = XCBuildConfiguration;
			buildSettings = {
				ASSETCATALOG_COMPILER_APPICON_NAME = AppIcon;
				CODE_SIGN_ENTITLEMENTS = LvtCrmUIKit/LvtCrmUIKit.entitlements;
				CODE_SIGN_STYLE = Automatic;
				CURRENT_PROJECT_VERSION = 34;
				DEVELOPMENT_TEAM = 42ZDDJ2B8M;
				GENERATE_INFOPLIST_FILE = NO;
				INFOPLIST_FILE = LvtCrmUIKit/Info.plist;
				LD_RUNPATH_SEARCH_PATHS = (
					"$(inherited)",
					"@executable_path/Frameworks",
				);
				MARKETING_VERSION = 1.14.1;
				PRODUCT_BUNDLE_IDENTIFIER = vn.lvt.crm.uikit;
				PRODUCT_NAME = "$(TARGET_NAME)";
				SUPPORTED_PLATFORMS = "iphoneos iphonesimulator";
				SUPPORTS_MACCATALYST = NO;
				SWIFT_EMIT_LOC_STRINGS = YES;
				SWIFT_VERSION = 5.0;
				TARGETED_DEVICE_FAMILY = 1;
			};
			name = Debug;
		};
		700000000000000000000004 /* Release */ = {
			isa = XCBuildConfiguration;
			buildSettings = {
				ASSETCATALOG_COMPILER_APPICON_NAME = AppIcon;
				CODE_SIGN_ENTITLEMENTS = LvtCrmUIKit/LvtCrmUIKitRelease.entitlements;
				CODE_SIGN_STYLE = Automatic;
				CURRENT_PROJECT_VERSION = 34;
				DEVELOPMENT_TEAM = 42ZDDJ2B8M;
				GENERATE_INFOPLIST_FILE = NO;
				INFOPLIST_FILE = LvtCrmUIKit/Info.plist;
				LD_RUNPATH_SEARCH_PATHS = (
					"$(inherited)",
					"@executable_path/Frameworks",
				);
				MARKETING_VERSION = 1.14.1;
				PRODUCT_BUNDLE_IDENTIFIER = vn.lvt.crm.uikit;
				PRODUCT_NAME = "$(TARGET_NAME)";
				SUPPORTED_PLATFORMS = "iphoneos iphonesimulator";
				SUPPORTS_MACCATALYST = NO;
				SWIFT_EMIT_LOC_STRINGS = YES;
				SWIFT_VERSION = 5.0;
				TARGETED_DEVICE_FAMILY = 1;
			};
			name = Release;
		};
/* End XCBuildConfiguration section */

/* Begin XCConfigurationList section */
		600000000000000000000001 /* Build configuration list for PBXProject "LvtCrmUIKit" */ = {
			isa = XCConfigurationList;
			buildConfigurations = (
				700000000000000000000001 /* Debug */,
				700000000000000000000002 /* Release */,
			);
			defaultConfigurationIsVisible = 0;
			defaultConfigurationName = Release;
		};
		600000000000000000000002 /* Build configuration list for PBXNativeTarget "LvtCrmUIKit" */ = {
			isa = XCConfigurationList;
			buildConfigurations = (
				700000000000000000000003 /* Debug */,
				700000000000000000000004 /* Release */,
			);
			defaultConfigurationIsVisible = 0;
			defaultConfigurationName = Release;
		};
/* End XCConfigurationList section */
	};
	rootObject = 100000000000000000000002 /* Project object */;
}
